// !$*UTF8*$!
{
	archiveVersion = 1;
	classes = {
	};
	objectVersion = 51;
	objects = {

/* Begin PBXBuildFile section */
		0A8BF9AF5A8019586676A79A /* CaracterListCollectionView.swift in Sources */ = {isa = PBXBuildFile; fileRef = 5E257E5BBC2ACE3CA6B37E99 /* CaracterListCollectionView.swift */; };
		0C6CA9868803C6C635B5061B /* PlanetCell.swift in Sources */ = {isa = PBXBuildFile; fileRef = 0A59BCA973E52714DB01D1BA /* PlanetCell.swift */; };
		0CD876308897FF39788FE865 /* CharactersItem.swift in Sources */ = {isa = PBXBuildFile; fileRef = 8C62B697B637BE045FD3025B /* CharactersItem.swift */; };
		117797E00FF49C0948742747 /* LaunchScreen.storyboard in Resources */ = {isa = PBXBuildFile; fileRef = 021FE2F98D3D0608C841A094 /* LaunchScreen.storyboard */; };
		32847D7ACEDF0E26BFFB5050 /* CharacterCell.swift in Sources */ = {isa = PBXBuildFile; fileRef = 16D3254D5567798E54EFB7AB /* CharacterCell.swift */; };
		55E6B5F1F189716053943535 /* InfoCell.swift in Sources */ = {isa = PBXBuildFile; fileRef = B9CFD9B55310F2BBD6035277 /* InfoCell.swift */; };
		646D911843A8A765F2D21F4F /* CharactersListResponse.swift in Sources */ = {isa = PBXBuildFile; fileRef = 4D2A31E73A00790EECA68907 /* CharactersListResponse.swift */; };
		66AD8DA0B100675AA2C0ACB8 /* InfoCellItem.swift in Sources */ = {isa = PBXBuildFile; fileRef = 2C31CBA4FE12E19369927809 /* InfoCellItem.swift */; };
		7015EC760CC3089669831FCF /* CharacterListRouter.swift in Sources */ = {isa = PBXBuildFile; fileRef = 17B9E30C53FE576112E77F70 /* CharacterListRouter.swift */; };
		77A1D9A1AC181AD184F28D4C /* CharacterListAssembly.swift in Sources */ = {isa = PBXBuildFile; fileRef = 4EC5B7B873CA1D54E8EC4548 /* CharacterListAssembly.swift */; };
		8553C90A0EF5B7F00E72404E /* Info.swift in Sources */ = {isa = PBXBuildFile; fileRef = 786086855D776FFF1B95D9A6 /* Info.swift */; };
		85791737F8A1533BDBCA059D /* CharacterListInteractor.swift in Sources */ = {isa = PBXBuildFile; fileRef = 67437158FB8BF8CAEEE05C87 /* CharacterListInteractor.swift */; };
		86EBF7678048A1624EFF687A /* AppDelegate.swift in Sources */ = {isa = PBXBuildFile; fileRef = 227A9DD3FDF058EAECCD9F4A /* AppDelegate.swift */; };
		8ABE017E1430137F761617F5 /* CharacterListView.swift in Sources */ = {isa = PBXBuildFile; fileRef = 2498F34E720F677395A01F13 /* CharacterListView.swift */; };
		8C1A3409B08D3EA09A6F5CAD /* Assets.xcassets in Resources */ = {isa = PBXBuildFile; fileRef = 61DEDAEE528BE0C1F5708DB3 /* Assets.xcassets */; };
		90CE98B4151659F22FAFC72B /* Strings+Generated.swift in Sources */ = {isa = PBXBuildFile; fileRef = 1984FA36B0DEBDBE8BFB0C70 /* Strings+Generated.swift */; };
		992E5FF96A7E012735C614E7 /* RickAndMortyAPiClient.swift in Sources */ = {isa = PBXBuildFile; fileRef = 9764A4DD04BD1F2C94F69EDB /* RickAndMortyAPiClient.swift */; };
		A2926E2573CA11337BA8D65E /* CharacterListPresenter.swift in Sources */ = {isa = PBXBuildFile; fileRef = 13FB95D512331CF612E215BB /* CharacterListPresenter.swift */; };
		A4019F0EAF4DDCE97D773181 /* CharacterListViewController.swift in Sources */ = {isa = PBXBuildFile; fileRef = 8A7D1A4F39146E66888A1ED4 /* CharacterListViewController.swift */; };
		ACD9AAEABE2C79C6083169C5 /* CharactersResponse.swift in Sources */ = {isa = PBXBuildFile; fileRef = E72F0CA62634ADC65BAFCA9B /* CharactersResponse.swift */; };
		B73877A6BE6805AFB24389F9 /* CharacterListItem.swift in Sources */ = {isa = PBXBuildFile; fileRef = FFC1F38E695BBF5192D628D1 /* CharacterListItem.swift */; };
		BDB4F47A9D170E6EAE1A10E0 /* Localizable.strings in Resources */ = {isa = PBXBuildFile; fileRef = D2F34A9C9C4F62E39F434376 /* Localizable.strings */; };
		C3D96C95B3AC3D8A97850E07 /* CharacterListCollectionViewManager.swift in Sources */ = {isa = PBXBuildFile; fileRef = 0FCDA894B2799A5FC36BF3DC /* CharacterListCollectionViewManager.swift */; };
		CD13F9C14CA4316F1A46C8BA /* DetailedCharacterView.swift in Sources */ = {isa = PBXBuildFile; fileRef = F310E6D43B555071024A1FCE /* DetailedCharacterView.swift */; };
		D0C344A3958B3DDF9C5B855A /* EpisodeCell.swift in Sources */ = {isa = PBXBuildFile; fileRef = 73CDF966478FBD175A1BE8F9 /* EpisodeCell.swift */; };
		DA777FF407487DFDACB88031 /* CharacterListContract.swift in Sources */ = {isa = PBXBuildFile; fileRef = 2C24F41CB2409CF400F8F00E /* CharacterListContract.swift */; };
		FBFE80E4F3A9D0919B0ED1C2 /* XCAssets+Generated.swift in Sources */ = {isa = PBXBuildFile; fileRef = 414422F22A170F55ABA7F508 /* XCAssets+Generated.swift */; };
/* End PBXBuildFile section */

/* Begin PBXFileReference section */
		0A59BCA973E52714DB01D1BA /* PlanetCell.swift */ = {isa = PBXFileReference; lastKnownFileType = sourcecode.swift; path = PlanetCell.swift; sourceTree = "<group>"; };
		0FCDA894B2799A5FC36BF3DC /* CharacterListCollectionViewManager.swift */ = {isa = PBXFileReference; lastKnownFileType = sourcecode.swift; path = CharacterListCollectionViewManager.swift; sourceTree = "<group>"; };
		13FB95D512331CF612E215BB /* CharacterListPresenter.swift */ = {isa = PBXFileReference; lastKnownFileType = sourcecode.swift; path = CharacterListPresenter.swift; sourceTree = "<group>"; };
		16D3254D5567798E54EFB7AB /* CharacterCell.swift */ = {isa = PBXFileReference; lastKnownFileType = sourcecode.swift; path = CharacterCell.swift; sourceTree = "<group>"; };
		17B9E30C53FE576112E77F70 /* CharacterListRouter.swift */ = {isa = PBXFileReference; lastKnownFileType = sourcecode.swift; path = CharacterListRouter.swift; sourceTree = "<group>"; };
		1984FA36B0DEBDBE8BFB0C70 /* Strings+Generated.swift */ = {isa = PBXFileReference; lastKnownFileType = sourcecode.swift; path = "Strings+Generated.swift"; sourceTree = "<group>"; };
		227A9DD3FDF058EAECCD9F4A /* AppDelegate.swift */ = {isa = PBXFileReference; lastKnownFileType = sourcecode.swift; path = AppDelegate.swift; sourceTree = "<group>"; };
		2498F34E720F677395A01F13 /* CharacterListView.swift */ = {isa = PBXFileReference; lastKnownFileType = sourcecode.swift; path = CharacterListView.swift; sourceTree = "<group>"; };
		2B04B3DAD03A49979792EF99 /* Info.plist */ = {isa = PBXFileReference; lastKnownFileType = text.plist; path = Info.plist; sourceTree = "<group>"; };
		2C24F41CB2409CF400F8F00E /* CharacterListContract.swift */ = {isa = PBXFileReference; lastKnownFileType = sourcecode.swift; path = CharacterListContract.swift; sourceTree = "<group>"; };
		2C31CBA4FE12E19369927809 /* InfoCellItem.swift */ = {isa = PBXFileReference; lastKnownFileType = sourcecode.swift; path = InfoCellItem.swift; sourceTree = "<group>"; };
		414422F22A170F55ABA7F508 /* XCAssets+Generated.swift */ = {isa = PBXFileReference; lastKnownFileType = sourcecode.swift; path = "XCAssets+Generated.swift"; sourceTree = "<group>"; };
		4D2A31E73A00790EECA68907 /* CharactersListResponse.swift */ = {isa = PBXFileReference; lastKnownFileType = sourcecode.swift; path = CharactersListResponse.swift; sourceTree = "<group>"; };
		4EC5B7B873CA1D54E8EC4548 /* CharacterListAssembly.swift */ = {isa = PBXFileReference; lastKnownFileType = sourcecode.swift; path = CharacterListAssembly.swift; sourceTree = "<group>"; };
		5E257E5BBC2ACE3CA6B37E99 /* CaracterListCollectionView.swift */ = {isa = PBXFileReference; lastKnownFileType = sourcecode.swift; path = CaracterListCollectionView.swift; sourceTree = "<group>"; };
		61DEDAEE528BE0C1F5708DB3 /* Assets.xcassets */ = {isa = PBXFileReference; lastKnownFileType = folder.assetcatalog; path = Assets.xcassets; sourceTree = "<group>"; };
		67437158FB8BF8CAEEE05C87 /* CharacterListInteractor.swift */ = {isa = PBXFileReference; lastKnownFileType = sourcecode.swift; path = CharacterListInteractor.swift; sourceTree = "<group>"; };
		73CDF966478FBD175A1BE8F9 /* EpisodeCell.swift */ = {isa = PBXFileReference; lastKnownFileType = sourcecode.swift; path = EpisodeCell.swift; sourceTree = "<group>"; };
		786086855D776FFF1B95D9A6 /* Info.swift */ = {isa = PBXFileReference; lastKnownFileType = sourcecode.swift; path = Info.swift; sourceTree = "<group>"; };
		8A7D1A4F39146E66888A1ED4 /* CharacterListViewController.swift */ = {isa = PBXFileReference; lastKnownFileType = sourcecode.swift; path = CharacterListViewController.swift; sourceTree = "<group>"; };
		8C62B697B637BE045FD3025B /* CharactersItem.swift */ = {isa = PBXFileReference; lastKnownFileType = sourcecode.swift; path = CharactersItem.swift; sourceTree = "<group>"; };
		9764A4DD04BD1F2C94F69EDB /* RickAndMortyAPiClient.swift */ = {isa = PBXFileReference; lastKnownFileType = sourcecode.swift; path = RickAndMortyAPiClient.swift; sourceTree = "<group>"; };
		B9CFD9B55310F2BBD6035277 /* InfoCell.swift */ = {isa = PBXFileReference; lastKnownFileType = sourcecode.swift; path = InfoCell.swift; sourceTree = "<group>"; };
		C39456A562ED5D015AE257A5 /* RickAndMortyTestTask.app */ = {isa = PBXFileReference; includeInIndex = 0; lastKnownFileType = wrapper.application; path = RickAndMortyTestTask.app; sourceTree = BUILT_PRODUCTS_DIR; };
		C8CEF41B768D0E3857FA84B8 /* en */ = {isa = PBXFileReference; lastKnownFileType = text.plist.strings; name = en; path = en.lproj/Localizable.strings; sourceTree = "<group>"; };
		E72F0CA62634ADC65BAFCA9B /* CharactersResponse.swift */ = {isa = PBXFileReference; lastKnownFileType = sourcecode.swift; path = CharactersResponse.swift; sourceTree = "<group>"; };
		F310E6D43B555071024A1FCE /* DetailedCharacterView.swift */ = {isa = PBXFileReference; lastKnownFileType = sourcecode.swift; path = DetailedCharacterView.swift; sourceTree = "<group>"; };
		FCCE050754F0CB123764D185 /* Base */ = {isa = PBXFileReference; lastKnownFileType = file.storyboard; name = Base; path = Base.lproj/LaunchScreen.storyboard; sourceTree = "<group>"; };
		FFC1F38E695BBF5192D628D1 /* CharacterListItem.swift */ = {isa = PBXFileReference; lastKnownFileType = sourcecode.swift; path = CharacterListItem.swift; sourceTree = "<group>"; };
/* End PBXFileReference section */

/* Begin PBXGroup section */
		052623A676BE4B7BF8BB8A2A /* CollectionView */ = {
			isa = PBXGroup;
			children = (
				5E257E5BBC2ACE3CA6B37E99 /* CaracterListCollectionView.swift */,
				16D3254D5567798E54EFB7AB /* CharacterCell.swift */,
				0FCDA894B2799A5FC36BF3DC /* CharacterListCollectionViewManager.swift */,
			);
			path = CollectionView;
			sourceTree = "<group>";
		};
		1DD20A30D30D24D7877A58A2 /* CharactersResponse */ = {
			isa = PBXGroup;
			children = (
				8C62B697B637BE045FD3025B /* CharactersItem.swift */,
				E72F0CA62634ADC65BAFCA9B /* CharactersResponse.swift */,
			);
			path = CharactersResponse;
			sourceTree = "<group>";
		};
		2C6CAE63827AE9142C7D1069 /* Generated */ = {
			isa = PBXGroup;
			children = (
				1984FA36B0DEBDBE8BFB0C70 /* Strings+Generated.swift */,
				414422F22A170F55ABA7F508 /* XCAssets+Generated.swift */,
			);
			path = Generated;
			sourceTree = "<group>";
		};
		30741E74B5E6026733F0F74E /* CharacterList */ = {
			isa = PBXGroup;
			children = (
				4EC5B7B873CA1D54E8EC4548 /* CharacterListAssembly.swift */,
				2C24F41CB2409CF400F8F00E /* CharacterListContract.swift */,
				67437158FB8BF8CAEEE05C87 /* CharacterListInteractor.swift */,
				13FB95D512331CF612E215BB /* CharacterListPresenter.swift */,
				17B9E30C53FE576112E77F70 /* CharacterListRouter.swift */,
				2498F34E720F677395A01F13 /* CharacterListView.swift */,
				8A7D1A4F39146E66888A1ED4 /* CharacterListViewController.swift */,
				052623A676BE4B7BF8BB8A2A /* CollectionView */,
			);
			path = CharacterList;
			sourceTree = "<group>";
		};
		34B6B91A1929A3F79EF3930F /* Products */ = {
			isa = PBXGroup;
			children = (
				C39456A562ED5D015AE257A5 /* RickAndMortyTestTask.app */,
			);
			name = Products;
			sourceTree = "<group>";
		};
		404D429B5C362E28F32C6713 /* CaractersListResponse */ = {
			isa = PBXGroup;
			children = (
				FFC1F38E695BBF5192D628D1 /* CharacterListItem.swift */,
				4D2A31E73A00790EECA68907 /* CharactersListResponse.swift */,
			);
			path = CaractersListResponse;
			sourceTree = "<group>";
		};
		4AE2C95F2E384CD7F8AF3F1B /* DetailedCharacterView */ = {
			isa = PBXGroup;
			children = (
				F310E6D43B555071024A1FCE /* DetailedCharacterView.swift */,
				5EF82612DEC7C41EAF731F8E /* Models */,
				5A948C46A7F525E75B04257F /* Views */,
			);
			path = DetailedCharacterView;
			sourceTree = "<group>";
		};
		5A948C46A7F525E75B04257F /* Views */ = {
			isa = PBXGroup;
			children = (
				73CDF966478FBD175A1BE8F9 /* EpisodeCell.swift */,
				B9CFD9B55310F2BBD6035277 /* InfoCell.swift */,
				0A59BCA973E52714DB01D1BA /* PlanetCell.swift */,
			);
			path = Views;
			sourceTree = "<group>";
		};
		5EF82612DEC7C41EAF731F8E /* Models */ = {
			isa = PBXGroup;
			children = (
				2C31CBA4FE12E19369927809 /* InfoCellItem.swift */,
			);
			path = Models;
			sourceTree = "<group>";
		};
		78BB8041B659C54CA396823A = {
			isa = PBXGroup;
			children = (
				97EA5B997B7F9DB84F54DFE4 /* RickAndMortyTestTask */,
				34B6B91A1929A3F79EF3930F /* Products */,
			);
			sourceTree = "<group>";
		};
		97EA5B997B7F9DB84F54DFE4 /* RickAndMortyTestTask */ = {
			isa = PBXGroup;
			children = (
				227A9DD3FDF058EAECCD9F4A /* AppDelegate.swift */,
				2B04B3DAD03A49979792EF99 /* Info.plist */,
				021FE2F98D3D0608C841A094 /* LaunchScreen.storyboard */,
				30741E74B5E6026733F0F74E /* CharacterList */,
				4AE2C95F2E384CD7F8AF3F1B /* DetailedCharacterView */,
				2C6CAE63827AE9142C7D1069 /* Generated */,
				C2A181C62629060E60A16821 /* Models */,
				E78B9ADDD8DD1FD1CD14460B /* Networking */,
				CC1DE10F743B88AFBD4B86D1 /* Resources */,
			);
			path = RickAndMortyTestTask;
			sourceTree = "<group>";
		};
		AE7916E762F703D054E133CC /* Strings */ = {
			isa = PBXGroup;
			children = (
				D2F34A9C9C4F62E39F434376 /* Localizable.strings */,
			);
			path = Strings;
			sourceTree = "<group>";
		};
		C2A181C62629060E60A16821 /* Models */ = {
			isa = PBXGroup;
			children = (
				786086855D776FFF1B95D9A6 /* Info.swift */,
				404D429B5C362E28F32C6713 /* CaractersListResponse */,
				1DD20A30D30D24D7877A58A2 /* CharactersResponse */,
			);
			path = Models;
			sourceTree = "<group>";
		};
		CC1DE10F743B88AFBD4B86D1 /* Resources */ = {
			isa = PBXGroup;
			children = (
				61DEDAEE528BE0C1F5708DB3 /* Assets.xcassets */,
				AE7916E762F703D054E133CC /* Strings */,
			);
			path = Resources;
			sourceTree = "<group>";
		};
		E78B9ADDD8DD1FD1CD14460B /* Networking */ = {
			isa = PBXGroup;
			children = (
				9764A4DD04BD1F2C94F69EDB /* RickAndMortyAPiClient.swift */,
			);
			path = Networking;
			sourceTree = "<group>";
		};
/* End PBXGroup section */

/* Begin PBXNativeTarget section */
		3D316DEC98BCFA2FECFE7AC5 /* RickAndMortyTestTask */ = {
			isa = PBXNativeTarget;
			buildConfigurationList = 3C2CDDD4CDC4841B21B325DC /* Build configuration list for PBXNativeTarget "RickAndMortyTestTask" */;
			buildPhases = (
				F3C573BA9C54E9BB2F78778C /* Swiftlint */,
				373BED75E444C109ED3DA901 /* Sources */,
				0CD68474A8DEB4C1CC29345A /* Resources */,
			);
			buildRules = (
			);
			dependencies = (
			);
			name = RickAndMortyTestTask;
			productName = RickAndMortyTestTask;
			productReference = C39456A562ED5D015AE257A5 /* RickAndMortyTestTask.app */;
			productType = "com.apple.product-type.application";
		};
/* End PBXNativeTarget section */

/* Begin PBXProject section */
		46B85BF0E50C31E5AD48EAC9 /* Project object */ = {
			isa = PBXProject;
			attributes = {
				LastUpgradeCheck = 1200;
				ORGANIZATIONNAME = "Nikita Shvadlenko";
				TargetAttributes = {
					3D316DEC98BCFA2FECFE7AC5 = {
						DevelopmentTeam = SGM5527A99;
						ProvisioningStyle = Manual;
					};
				};
			};
			buildConfigurationList = 04CB66228941BA8ADE0DDE97 /* Build configuration list for PBXProject "RickAndMortyTestTask" */;
			compatibilityVersion = "Xcode 11.0";
			developmentRegion = en;
			hasScannedForEncodings = 0;
			knownRegions = (
				Base,
				en,
			);
			mainGroup = 78BB8041B659C54CA396823A;
			projectDirPath = "";
			projectRoot = "";
			targets = (
				3D316DEC98BCFA2FECFE7AC5 /* RickAndMortyTestTask */,
			);
		};
/* End PBXProject section */

/* Begin PBXResourcesBuildPhase section */
		0CD68474A8DEB4C1CC29345A /* Resources */ = {
			isa = PBXResourcesBuildPhase;
			buildActionMask = 2147483647;
			files = (
				8C1A3409B08D3EA09A6F5CAD /* Assets.xcassets in Resources */,
				117797E00FF49C0948742747 /* LaunchScreen.storyboard in Resources */,
				BDB4F47A9D170E6EAE1A10E0 /* Localizable.strings in Resources */,
			);
			runOnlyForDeploymentPostprocessing = 0;
		};
/* End PBXResourcesBuildPhase section */

/* Begin PBXShellScriptBuildPhase section */
		F3C573BA9C54E9BB2F78778C /* Swiftlint */ = {
			isa = PBXShellScriptBuildPhase;
			buildActionMask = 2147483647;
			files = (
			);
			inputFileListPaths = (
			);
			inputPaths = (
			);
			name = Swiftlint;
			outputFileListPaths = (
			);
			outputPaths = (
			);
			runOnlyForDeploymentPostprocessing = 0;
			shellPath = /bin/sh;
			shellScript = "export PATH=\"$PATH:/opt/homebrew/bin\"\nif which swiftlint >/dev/null; then\n  swiftlint\nelse\n  echo \"warning: SwiftLint not installed, download from https://github.com/realm/SwiftLint\"\nfi\n";
		};
/* End PBXShellScriptBuildPhase section */

/* Begin PBXSourcesBuildPhase section */
		373BED75E444C109ED3DA901 /* Sources */ = {
			isa = PBXSourcesBuildPhase;
			buildActionMask = 2147483647;
			files = (
				86EBF7678048A1624EFF687A /* AppDelegate.swift in Sources */,
				0A8BF9AF5A8019586676A79A /* CaracterListCollectionView.swift in Sources */,
				32847D7ACEDF0E26BFFB5050 /* CharacterCell.swift in Sources */,
				77A1D9A1AC181AD184F28D4C /* CharacterListAssembly.swift in Sources */,
				C3D96C95B3AC3D8A97850E07 /* CharacterListCollectionViewManager.swift in Sources */,
				DA777FF407487DFDACB88031 /* CharacterListContract.swift in Sources */,
				85791737F8A1533BDBCA059D /* CharacterListInteractor.swift in Sources */,
				B73877A6BE6805AFB24389F9 /* CharacterListItem.swift in Sources */,
				A2926E2573CA11337BA8D65E /* CharacterListPresenter.swift in Sources */,
				7015EC760CC3089669831FCF /* CharacterListRouter.swift in Sources */,
				8ABE017E1430137F761617F5 /* CharacterListView.swift in Sources */,
				A4019F0EAF4DDCE97D773181 /* CharacterListViewController.swift in Sources */,
				0CD876308897FF39788FE865 /* CharactersItem.swift in Sources */,
				646D911843A8A765F2D21F4F /* CharactersListResponse.swift in Sources */,
				ACD9AAEABE2C79C6083169C5 /* CharactersResponse.swift in Sources */,
				CD13F9C14CA4316F1A46C8BA /* DetailedCharacterView.swift in Sources */,
				D0C344A3958B3DDF9C5B855A /* EpisodeCell.swift in Sources */,
				8553C90A0EF5B7F00E72404E /* Info.swift in Sources */,
				55E6B5F1F189716053943535 /* InfoCell.swift in Sources */,
				66AD8DA0B100675AA2C0ACB8 /* InfoCellItem.swift in Sources */,
				0C6CA9868803C6C635B5061B /* PlanetCell.swift in Sources */,
				992E5FF96A7E012735C614E7 /* RickAndMortyAPiClient.swift in Sources */,
				90CE98B4151659F22FAFC72B /* Strings+Generated.swift in Sources */,
				FBFE80E4F3A9D0919B0ED1C2 /* XCAssets+Generated.swift in Sources */,
			);
			runOnlyForDeploymentPostprocessing = 0;
		};
/* End PBXSourcesBuildPhase section */

/* Begin PBXVariantGroup section */
		021FE2F98D3D0608C841A094 /* LaunchScreen.storyboard */ = {
			isa = PBXVariantGroup;
			children = (
				FCCE050754F0CB123764D185 /* Base */,
			);
			name = LaunchScreen.storyboard;
			sourceTree = "<group>";
		};
		D2F34A9C9C4F62E39F434376 /* Localizable.strings */ = {
			isa = PBXVariantGroup;
			children = (
				C8CEF41B768D0E3857FA84B8 /* en */,
			);
			name = Localizable.strings;
			sourceTree = "<group>";
		};
/* End PBXVariantGroup section */

/* Begin XCBuildConfiguration section */
		0E0B54150EFA0A9E1F7032EE /* Debug */ = {
			isa = XCBuildConfiguration;
			buildSettings = {
				ALWAYS_SEARCH_USER_PATHS = NO;
				CLANG_ANALYZER_LOCALIZABILITY_EMPTY_CONTEXT = YES;
				CLANG_ANALYZER_LOCALIZABILITY_NONLOCALIZED = YES;
				CLANG_ANALYZER_NONNULL = YES;
				CLANG_ANALYZER_NUMBER_OBJECT_CONVERSION = YES_AGGRESSIVE;
				CLANG_CXX_LANGUAGE_STANDARD = "gnu++14";
				CLANG_CXX_LIBRARY = "libc++";
				CLANG_ENABLE_MODULES = YES;
				CLANG_ENABLE_OBJC_ARC = YES;
				CLANG_ENABLE_OBJC_WEAK = YES;
				CLANG_WARN_BLOCK_CAPTURE_AUTORELEASING = YES;
				CLANG_WARN_BOOL_CONVERSION = YES;
				CLANG_WARN_COMMA = YES;
				CLANG_WARN_CONSTANT_CONVERSION = YES;
				CLANG_WARN_DEPRECATED_OBJC_IMPLEMENTATIONS = YES;
				CLANG_WARN_DIRECT_OBJC_ISA_USAGE = YES_ERROR;
				CLANG_WARN_DOCUMENTATION_COMMENTS = YES;
				CLANG_WARN_EMPTY_BODY = YES;
				CLANG_WARN_ENUM_CONVERSION = YES;
				CLANG_WARN_INFINITE_RECURSION = YES;
				CLANG_WARN_INT_CONVERSION = YES;
				CLANG_WARN_NON_LITERAL_NULL_CONVERSION = YES;
				CLANG_WARN_OBJC_IMPLICIT_RETAIN_SELF = YES;
				CLANG_WARN_OBJC_LITERAL_CONVERSION = YES;
				CLANG_WARN_OBJC_ROOT_CLASS = YES_ERROR;
				CLANG_WARN_QUOTED_INCLUDE_IN_FRAMEWORK_HEADER = YES;
				CLANG_WARN_RANGE_LOOP_ANALYSIS = YES;
				CLANG_WARN_STRICT_PROTOTYPES = YES;
				CLANG_WARN_SUSPICIOUS_MOVE = YES;
				CLANG_WARN_UNGUARDED_AVAILABILITY = YES_AGGRESSIVE;
				CLANG_WARN_UNREACHABLE_CODE = YES;
				CLANG_WARN__DUPLICATE_METHOD_MATCH = YES;
				COPY_PHASE_STRIP = NO;
				DEBUG_INFORMATION_FORMAT = "dwarf-with-dsym";
				ENABLE_STRICT_OBJC_MSGSEND = YES;
				ENABLE_TESTABILITY = YES;
				GCC_C_LANGUAGE_STANDARD = gnu11;
				GCC_DYNAMIC_NO_PIC = NO;
				GCC_NO_COMMON_BLOCKS = YES;
				GCC_OPTIMIZATION_LEVEL = 0;
				GCC_PREPROCESSOR_DEFINITIONS = (
					"$(inherited)",
					"DEBUG=1",
				);
				GCC_WARN_64_TO_32_BIT_CONVERSION = YES;
				GCC_WARN_ABOUT_RETURN_TYPE = YES_ERROR;
				GCC_WARN_UNDECLARED_SELECTOR = YES;
				GCC_WARN_UNINITIALIZED_AUTOS = YES_AGGRESSIVE;
				GCC_WARN_UNUSED_FUNCTION = YES;
				GCC_WARN_UNUSED_VARIABLE = YES;
				IPHONEOS_DEPLOYMENT_TARGET = 16.0;
				MTL_ENABLE_DEBUG_INFO = INCLUDE_SOURCE;
				MTL_FAST_MATH = YES;
				ONLY_ACTIVE_ARCH = YES;
				PRODUCT_NAME = "$(TARGET_NAME)";
				SDKROOT = iphoneos;
				SWIFT_ACTIVE_COMPILATION_CONDITIONS = DEBUG;
				SWIFT_OPTIMIZATION_LEVEL = "-Onone";
				SWIFT_VERSION = 5.0;
			};
			name = Debug;
		};
		5C700EEECB8E0EE1628762D6 /* Release */ = {
			isa = XCBuildConfiguration;
			buildSettings = {
				ASSETCATALOG_COMPILER_APPICON_NAME = AppIcon;
				CODE_SIGN_IDENTITY = "Apple Distribution";
				CODE_SIGN_STYLE = Manual;
				DEVELOPMENT_TEAM = SGM5527A99;
				DISPLAY_NAME = RickAndMortyTestTask;
				INFOPLIST_FILE = RickAndMortyTestTask/Info.plist;
				LD_RUNPATH_SEARCH_PATHS = (
					"$(inherited)",
					"@executable_path/Frameworks",
				);
				PRODUCT_BUNDLE_IDENTIFIER = com.nikitaShvad.rickAndMortyTestTask;
				SDKROOT = iphoneos;
				TARGETED_DEVICE_FAMILY = 1;
			};
			name = Release;
		};
		7CD6FDF1676F689E3CE3107A /* Debug */ = {
			isa = XCBuildConfiguration;
			buildSettings = {
				ASSETCATALOG_COMPILER_APPICON_NAME = AppIcon;
				CODE_SIGN_IDENTITY = "Apple Development";
				CODE_SIGN_STYLE = Manual;
				DEVELOPMENT_TEAM = SGM5527A99;
				DISPLAY_NAME = RickAndMortyTestTask;
				INFOPLIST_FILE = RickAndMortyTestTask/Info.plist;
				LD_RUNPATH_SEARCH_PATHS = (
					"$(inherited)",
					"@executable_path/Frameworks",
				);
				PRODUCT_BUNDLE_IDENTIFIER = com.nikitaShvad.rickAndMortyTestTask;
				SDKROOT = iphoneos;
				TARGETED_DEVICE_FAMILY = 1;
			};
			name = Debug;
		};
		DDBE01F1B399EA6534ABAED4 /* Release */ = {
			isa = XCBuildConfiguration;
			buildSettings = {
				ALWAYS_SEARCH_USER_PATHS = NO;
				CLANG_ANALYZER_LOCALIZABILITY_EMPTY_CONTEXT = YES;
				CLANG_ANALYZER_LOCALIZABILITY_NONLOCALIZED = YES;
				CLANG_ANALYZER_NONNULL = YES;
				CLANG_ANALYZER_NUMBER_OBJECT_CONVERSION = YES_AGGRESSIVE;
				CLANG_CXX_LANGUAGE_STANDARD = "gnu++14";
				CLANG_CXX_LIBRARY = "libc++";
				CLANG_ENABLE_MODULES = YES;
				CLANG_ENABLE_OBJC_ARC = YES;
				CLANG_ENABLE_OBJC_WEAK = YES;
				CLANG_WARN_BLOCK_CAPTURE_AUTORELEASING = YES;
				CLANG_WARN_BOOL_CONVERSION = YES;
				CLANG_WARN_COMMA = YES;
				CLANG_WARN_CONSTANT_CONVERSION = YES;
				CLANG_WARN_DEPRECATED_OBJC_IMPLEMENTATIONS = YES;
				CLANG_WARN_DIRECT_OBJC_ISA_USAGE = YES_ERROR;
				CLANG_WARN_DOCUMENTATION_COMMENTS = YES;
				CLANG_WARN_EMPTY_BODY = YES;
				CLANG_WARN_ENUM_CONVERSION = YES;
				CLANG_WARN_INFINITE_RECURSION = YES;
				CLANG_WARN_INT_CONVERSION = YES;
				CLANG_WARN_NON_LITERAL_NULL_CONVERSION = YES;
				CLANG_WARN_OBJC_IMPLICIT_RETAIN_SELF = YES;
				CLANG_WARN_OBJC_LITERAL_CONVERSION = YES;
				CLANG_WARN_OBJC_ROOT_CLASS = YES_ERROR;
				CLANG_WARN_QUOTED_INCLUDE_IN_FRAMEWORK_HEADER = YES;
				CLANG_WARN_RANGE_LOOP_ANALYSIS = YES;
				CLANG_WARN_STRICT_PROTOTYPES = YES;
				CLANG_WARN_SUSPICIOUS_MOVE = YES;
				CLANG_WARN_UNGUARDED_AVAILABILITY = YES_AGGRESSIVE;
				CLANG_WARN_UNREACHABLE_CODE = YES;
				CLANG_WARN__DUPLICATE_METHOD_MATCH = YES;
				COPY_PHASE_STRIP = NO;
				DEBUG_INFORMATION_FORMAT = "dwarf-with-dsym";
				ENABLE_NS_ASSERTIONS = NO;
				ENABLE_STRICT_OBJC_MSGSEND = YES;
				GCC_C_LANGUAGE_STANDARD = gnu11;
				GCC_NO_COMMON_BLOCKS = YES;
				GCC_WARN_64_TO_32_BIT_CONVERSION = YES;
				GCC_WARN_ABOUT_RETURN_TYPE = YES_ERROR;
				GCC_WARN_UNDECLARED_SELECTOR = YES;
				GCC_WARN_UNINITIALIZED_AUTOS = YES_AGGRESSIVE;
				GCC_WARN_UNUSED_FUNCTION = YES;
				GCC_WARN_UNUSED_VARIABLE = YES;
				IPHONEOS_DEPLOYMENT_TARGET = 16.0;
				MTL_ENABLE_DEBUG_INFO = NO;
				MTL_FAST_MATH = YES;
				PRODUCT_NAME = "$(TARGET_NAME)";
				SDKROOT = iphoneos;
				SWIFT_COMPILATION_MODE = wholemodule;
				SWIFT_OPTIMIZATION_LEVEL = "-O";
				SWIFT_VERSION = 5.0;
			};
			name = Release;
		};
/* End XCBuildConfiguration section */

/* Begin XCConfigurationList section */
		04CB66228941BA8ADE0DDE97 /* Build configuration list for PBXProject "RickAndMortyTestTask" */ = {
			isa = XCConfigurationList;
			buildConfigurations = (
				0E0B54150EFA0A9E1F7032EE /* Debug */,
				DDBE01F1B399EA6534ABAED4 /* Release */,
			);
			defaultConfigurationIsVisible = 0;
			defaultConfigurationName = Debug;
		};
		3C2CDDD4CDC4841B21B325DC /* Build configuration list for PBXNativeTarget "RickAndMortyTestTask" */ = {
			isa = XCConfigurationList;
			buildConfigurations = (
				7CD6FDF1676F689E3CE3107A /* Debug */,
				5C700EEECB8E0EE1628762D6 /* Release */,
			);
			defaultConfigurationIsVisible = 0;
			defaultConfigurationName = Debug;
		};
/* End XCConfigurationList section */
	};
	rootObject = 46B85BF0E50C31E5AD48EAC9 /* Project object */;
}
